
Microsoft Visual Studio Solution File, Format Version 12.00
# Visual Studio Version 17
VisualStudioVersion = 17.12.35506.116
MinimumVisualStudioVersion = 10.0.40219.1
Project("{2150E333-8FDC-42A3-9474-1A3956D46DE8}") = "src", "src", "{1D7A0DB3-5951-42E5-922F-8C0AB90D0AEF}"
EndProject
Project("{FAE04EC0-301F-11D3-BF4B-00C04F79EFBC}") = "Souris.Server", "src\Souris.ServerWinApp\Souris.Server.csproj", "{3C190CCA-B0FC-4FDE-B6DC-1BE4E8605050}"
EndProject
Project("{FAE04EC0-301F-11D3-BF4B-00C04F79EFBC}") = "SourisApp", "src\SourisApp\SourisApp.csproj", "{612C9025-D4CB-470F-BD18-497E69A0FC87}"
EndProject
Global
	GlobalSection(SolutionConfigurationPlatforms) = preSolution
		Debug|Any CPU = Debug|Any CPU
		Release|Any CPU = Release|Any CPU
	EndGlobalSection
	GlobalSection(ProjectConfigurationPlatforms) = postSolution
		{3C190CCA-B0FC-4FDE-B6DC-1BE4E8605050}.Debug|Any CPU.ActiveCfg = Debug|Any CPU
		{3C190CCA-B0FC-4FDE-B6DC-1BE4E8605050}.Debug|Any CPU.Build.0 = Debug|Any CPU
		{3C190CCA-B0FC-4FDE-B6DC-1BE4E8605050}.Release|Any CPU.ActiveCfg = Release|Any CPU
		{3C190CCA-B0FC-4FDE-B6DC-1BE4E8605050}.Release|Any CPU.Build.0 = Release|Any CPU
		{612C9025-D4CB-470F-BD18-497E69A0FC87}.Debug|Any CPU.ActiveCfg = Debug|Any CPU
		{612C9025-D4CB-470F-BD18-497E69A0FC87}.Debug|Any CPU.Build.0 = Debug|Any CPU
		{612C9025-D4CB-470F-BD18-497E69A0FC87}.Debug|Any CPU.Deploy.0 = Debug|Any CPU
		{612C9025-D4CB-470F-BD18-497E69A0FC87}.Release|Any CPU.ActiveCfg = Release|Any CPU
		{612C9025-D4CB-470F-BD18-497E69A0FC87}.Release|Any CPU.Build.0 = Release|Any CPU
		{612C9025-D4CB-470F-BD18-497E69A0FC87}.Release|Any CPU.Deploy.0 = Release|Any CPU
	EndGlobalSection
	GlobalSection(SolutionProperties) = preSolution
		HideSolutionNode = FALSE
	EndGlobalSection
	GlobalSection(NestedProjects) = preSolution
		{3C190CCA-B0FC-4FDE-B6DC-1BE4E8605050} = {1D7A0DB3-5951-42E5-922F-8C0AB90D0AEF}
		{612C9025-D4CB-470F-BD18-497E69A0FC87} = {1D7A0DB3-5951-42E5-922F-8C0AB90D0AEF}
	EndGlobalSection
EndGlobal
